
Microsoft Visual Studio Solution File, Format Version 12.00
# Visual Studio Version 17
VisualStudioVersion = 17.6.33829.357
MinimumVisualStudioVersion = 10.0.40219.1
Project("{9A19103F-16F7-4668-BE54-9A1E7A4F7556}") = "GifImporter", "GifImporter.csproj", "{DB2D9E51-A305-4E4E-BF06-0DC7A0ACC5AB}"
EndProject
Global
	GlobalSection(SolutionConfigurationPlatforms) = preSolution
		Debug|Any CPU = Debug|Any CPU
		Release|Any CPU = Release|Any CPU
	EndGlobalSection
	GlobalSection(ProjectConfigurationPlatforms) = postSolution
		{DB2D9E51-A305-4E4E-BF06-0DC7A0ACC5AB}.Debug|Any CPU.ActiveCfg = Debug|Any CPU
		{DB2D9E51-A305-4E4E-BF06-0DC7A0ACC5AB}.Debug|Any CPU.Build.0 = Debug|Any CPU
		{DB2D9E51-A305-4E4E-BF06-0DC7A0ACC5AB}.Release|Any CPU.ActiveCfg = Release|Any CPU
		{DB2D9E51-A305-4E4E-BF06-0DC7A0ACC5AB}.Release|Any CPU.Build.0 = Release|Any CPU
	EndGlobalSection
	GlobalSection(SolutionProperties) = preSolution
		HideSolutionNode = FALSE
	EndGlobalSection
	GlobalSection(ExtensibilityGlobals) = postSolution
		SolutionGuid = {BF61C40C-7979-43E7-B152-34D7D755B3C2}
	EndGlobalSection
EndGlobal
